
Microsoft Visual Studio Solution File, Format Version 12.00
# Visual Studio Version 17
VisualStudioVersion = 17.3.32819.101
MinimumVisualStudioVersion = 10.0.40219.1
Project("{FAE04EC0-301F-11D3-BF4B-00C04F79EFBC}") = "ERPWindows", "ERPWindows\ERPWindows.csproj", "{9791B8F0-1D6E-4EEA-949F-1979C9BD59EB}"
	ProjectSection(ProjectDependencies) = postProject
		{0C658CE3-68DB-4044-9D89-17E0F54DBBE6} = {0C658CE3-68DB-4044-9D89-17E0F54DBBE6}
		{A1B13616-1003-437E-86BA-BA589E164CBC} = {A1B13616-1003-437E-86BA-BA589E164CBC}
	EndProjectSection
EndProject
Project("{FAE04EC0-301F-11D3-BF4B-00C04F79EFBC}") = "ERPBase", "ERPBase\ERPBase.csproj", "{0C658CE3-68DB-4044-9D89-17E0F54DBBE6}"
EndProject
Project("{FAE04EC0-301F-11D3-BF4B-00C04F79EFBC}") = "BaseWin01", "BaseWin01\BaseWin01.csproj", "{A1B13616-1003-437E-86BA-BA589E164CBC}"
EndProject
Global
	GlobalSection(SolutionConfigurationPlatforms) = preSolution
		Debug|Any CPU = Debug|Any CPU
		Release|Any CPU = Release|Any CPU
	EndGlobalSection
	GlobalSection(ProjectConfigurationPlatforms) = postSolution
		{9791B8F0-1D6E-4EEA-949F-1979C9BD59EB}.Debug|Any CPU.ActiveCfg = Debug|Any CPU
		{9791B8F0-1D6E-4EEA-949F-1979C9BD59EB}.Debug|Any CPU.Build.0 = Debug|Any CPU
		{9791B8F0-1D6E-4EEA-949F-1979C9BD59EB}.Release|Any CPU.ActiveCfg = Release|Any CPU
		{9791B8F0-1D6E-4EEA-949F-1979C9BD59EB}.Release|Any CPU.Build.0 = Release|Any CPU
		{0C658CE3-68DB-4044-9D89-17E0F54DBBE6}.Debug|Any CPU.ActiveCfg = Debug|Any CPU
		{0C658CE3-68DB-4044-9D89-17E0F54DBBE6}.Debug|Any CPU.Build.0 = Debug|Any CPU
		{0C658CE3-68DB-4044-9D89-17E0F54DBBE6}.Release|Any CPU.ActiveCfg = Release|Any CPU
		{0C658CE3-68DB-4044-9D89-17E0F54DBBE6}.Release|Any CPU.Build.0 = Release|Any CPU
		{A1B13616-1003-437E-86BA-BA589E164CBC}.Debug|Any CPU.ActiveCfg = Debug|Any CPU
		{A1B13616-1003-437E-86BA-BA589E164CBC}.Debug|Any CPU.Build.0 = Debug|Any CPU
		{A1B13616-1003-437E-86BA-BA589E164CBC}.Release|Any CPU.ActiveCfg = Release|Any CPU
		{A1B13616-1003-437E-86BA-BA589E164CBC}.Release|Any CPU.Build.0 = Release|Any CPU
	EndGlobalSection
	GlobalSection(SolutionProperties) = preSolution
		HideSolutionNode = FALSE
	EndGlobalSection
	GlobalSection(ExtensibilityGlobals) = postSolution
		SolutionGuid = {B1C24C54-A9AF-4B1F-AB7A-1B1990CEF393}
	EndGlobalSection
EndGlobal
